
Microsoft Visual Studio Solution File, Format Version 12.00
# Visual Studio Version 17
VisualStudioVersion = 17.3.32825.248
MinimumVisualStudioVersion = 10.0.40219.1
Project("{9A19103F-16F7-4668-BE54-9A1E7A4F7556}") = "AdventOfCodingXXXX", "AdventOfCoding\AdventOfCodingXXXX.csproj", "{D646784C-DEDF-4CAD-8D46-6CEE84251766}"
EndProject
Project("{9A19103F-16F7-4668-BE54-9A1E7A4F7556}") = "Lib", "Lib\Lib.csproj", "{A80F7894-95F8-4331-8DCB-30B3ADAA3F77}"
EndProject
Global
	GlobalSection(SolutionConfigurationPlatforms) = preSolution
		Debug|Any CPU = Debug|Any CPU
		Release|Any CPU = Release|Any CPU
	EndGlobalSection
	GlobalSection(ProjectConfigurationPlatforms) = postSolution
		{D646784C-DEDF-4CAD-8D46-6CEE84251766}.Debug|Any CPU.ActiveCfg = Debug|Any CPU
		{D646784C-DEDF-4CAD-8D46-6CEE84251766}.Debug|Any CPU.Build.0 = Debug|Any CPU
		{D646784C-DEDF-4CAD-8D46-6CEE84251766}.Release|Any CPU.ActiveCfg = Release|Any CPU
		{D646784C-DEDF-4CAD-8D46-6CEE84251766}.Release|Any CPU.Build.0 = Release|Any CPU
		{A80F7894-95F8-4331-8DCB-30B3ADAA3F77}.Debug|Any CPU.ActiveCfg = Debug|Any CPU
		{A80F7894-95F8-4331-8DCB-30B3ADAA3F77}.Debug|Any CPU.Build.0 = Debug|Any CPU
		{A80F7894-95F8-4331-8DCB-30B3ADAA3F77}.Release|Any CPU.ActiveCfg = Release|Any CPU
		{A80F7894-95F8-4331-8DCB-30B3ADAA3F77}.Release|Any CPU.Build.0 = Release|Any CPU
	EndGlobalSection
	GlobalSection(SolutionProperties) = preSolution
		HideSolutionNode = FALSE
	EndGlobalSection
	GlobalSection(ExtensibilityGlobals) = postSolution
		SolutionGuid = {28720C27-22B5-4EB7-886C-232C1C067630}
	EndGlobalSection
EndGlobal
